
Microsoft Visual Studio Solution File, Format Version 12.00
# Visual Studio Version 17
VisualStudioVersion = 17.0.31903.59
MinimumVisualStudioVersion = 10.0.40219.1
Project("{2150E333-8FDC-42A3-9474-1A3956D46DE8}") = "src", "src", "{4E0D2465-A035-4DBF-8B62-E0A510BE3EB8}"
EndProject
Project("{2150E333-8FDC-42A3-9474-1A3956D46DE8}") = "Bootstrapper", "Bootstrapper", "{888E98C3-EF93-48BC-A8AA-A96FCC679990}"
EndProject
Project("{FAE04EC0-301F-11D3-BF4B-00C04F79EFBC}") = "EShop.Api", "src\Bootstrapper\EShop.Api\EShop.Api.csproj", "{3962CDC4-CB51-478B-B578-73F7243089EB}"
EndProject
Project("{2150E333-8FDC-42A3-9474-1A3956D46DE8}") = "Modules", "Modules", "{1AC7C4BC-9512-FB7D-9356-5698CB8CA33C}"
EndProject
Project("{FAE04EC0-301F-11D3-BF4B-00C04F79EFBC}") = "Catalog", "src\Modules\Catalog\Catalog.csproj", "{333E04BA-D12D-41CB-81AC-C22FD913640D}"
EndProject
Project("{FAE04EC0-301F-11D3-BF4B-00C04F79EFBC}") = "Basket", "src\Modules\Basket\Basket.csproj", "{761C6DDA-7742-4171-BAE5-5E9475903E3D}"
EndProject
Project("{FAE04EC0-301F-11D3-BF4B-00C04F79EFBC}") = "Ordering", "src\Modules\Ordering\Ordering.csproj", "{988B49F6-29D7-4DB6-9BA3-000B88FFC07A}"
EndProject
Project("{2150E333-8FDC-42A3-9474-1A3956D46DE8}") = "Shared", "Shared", "{0D4F1C6A-C4A2-8DEE-E123-AB56B15C14FD}"
EndProject
Project("{FAE04EC0-301F-11D3-BF4B-00C04F79EFBC}") = "Shared", "src\Shared\Shared\Shared.csproj", "{B09F5C6F-AF61-4BB1-A308-882535494D67}"
EndProject
Project("{E53339B2-1760-4266-BCC7-CA923CBCF16C}") = "docker-compose", "docker-compose.dcproj", "{81DDED9D-158B-E303-5F62-77A2896D2A5A}"
EndProject
Global
	GlobalSection(SolutionConfigurationPlatforms) = preSolution
		Debug|Any CPU = Debug|Any CPU
		Debug|x64 = Debug|x64
		Debug|x86 = Debug|x86
		Release|Any CPU = Release|Any CPU
		Release|x64 = Release|x64
		Release|x86 = Release|x86
	EndGlobalSection
	GlobalSection(ProjectConfigurationPlatforms) = postSolution
		{3962CDC4-CB51-478B-B578-73F7243089EB}.Debug|Any CPU.ActiveCfg = Debug|Any CPU
		{3962CDC4-CB51-478B-B578-73F7243089EB}.Debug|Any CPU.Build.0 = Debug|Any CPU
		{3962CDC4-CB51-478B-B578-73F7243089EB}.Debug|x64.ActiveCfg = Debug|Any CPU
		{3962CDC4-CB51-478B-B578-73F7243089EB}.Debug|x64.Build.0 = Debug|Any CPU
		{3962CDC4-CB51-478B-B578-73F7243089EB}.Debug|x86.ActiveCfg = Debug|Any CPU
		{3962CDC4-CB51-478B-B578-73F7243089EB}.Debug|x86.Build.0 = Debug|Any CPU
		{3962CDC4-CB51-478B-B578-73F7243089EB}.Release|Any CPU.ActiveCfg = Release|Any CPU
		{3962CDC4-CB51-478B-B578-73F7243089EB}.Release|Any CPU.Build.0 = Release|Any CPU
		{3962CDC4-CB51-478B-B578-73F7243089EB}.Release|x64.ActiveCfg = Release|Any CPU
		{3962CDC4-CB51-478B-B578-73F7243089EB}.Release|x64.Build.0 = Release|Any CPU
		{3962CDC4-CB51-478B-B578-73F7243089EB}.Release|x86.ActiveCfg = Release|Any CPU
		{3962CDC4-CB51-478B-B578-73F7243089EB}.Release|x86.Build.0 = Release|Any CPU
		{333E04BA-D12D-41CB-81AC-C22FD913640D}.Debug|Any CPU.ActiveCfg = Debug|Any CPU
		{333E04BA-D12D-41CB-81AC-C22FD913640D}.Debug|Any CPU.Build.0 = Debug|Any CPU
		{333E04BA-D12D-41CB-81AC-C22FD913640D}.Debug|x64.ActiveCfg = Debug|Any CPU
		{333E04BA-D12D-41CB-81AC-C22FD913640D}.Debug|x64.Build.0 = Debug|Any CPU
		{333E04BA-D12D-41CB-81AC-C22FD913640D}.Debug|x86.ActiveCfg = Debug|Any CPU
		{333E04BA-D12D-41CB-81AC-C22FD913640D}.Debug|x86.Build.0 = Debug|Any CPU
		{333E04BA-D12D-41CB-81AC-C22FD913640D}.Release|Any CPU.ActiveCfg = Release|Any CPU
		{333E04BA-D12D-41CB-81AC-C22FD913640D}.Release|Any CPU.Build.0 = Release|Any CPU
		{333E04BA-D12D-41CB-81AC-C22FD913640D}.Release|x64.ActiveCfg = Release|Any CPU
		{333E04BA-D12D-41CB-81AC-C22FD913640D}.Release|x64.Build.0 = Release|Any CPU
		{333E04BA-D12D-41CB-81AC-C22FD913640D}.Release|x86.ActiveCfg = Release|Any CPU
		{333E04BA-D12D-41CB-81AC-C22FD913640D}.Release|x86.Build.0 = Release|Any CPU
		{761C6DDA-7742-4171-BAE5-5E9475903E3D}.Debug|Any CPU.ActiveCfg = Debug|Any CPU
		{761C6DDA-7742-4171-BAE5-5E9475903E3D}.Debug|Any CPU.Build.0 = Debug|Any CPU
		{761C6DDA-7742-4171-BAE5-5E9475903E3D}.Debug|x64.ActiveCfg = Debug|Any CPU
		{761C6DDA-7742-4171-BAE5-5E9475903E3D}.Debug|x64.Build.0 = Debug|Any CPU
		{761C6DDA-7742-4171-BAE5-5E9475903E3D}.Debug|x86.ActiveCfg = Debug|Any CPU
		{761C6DDA-7742-4171-BAE5-5E9475903E3D}.Debug|x86.Build.0 = Debug|Any CPU
		{761C6DDA-7742-4171-BAE5-5E9475903E3D}.Release|Any CPU.ActiveCfg = Release|Any CPU
		{761C6DDA-7742-4171-BAE5-5E9475903E3D}.Release|Any CPU.Build.0 = Release|Any CPU
		{761C6DDA-7742-4171-BAE5-5E9475903E3D}.Release|x64.ActiveCfg = Release|Any CPU
		{761C6DDA-7742-4171-BAE5-5E9475903E3D}.Release|x64.Build.0 = Release|Any CPU
		{761C6DDA-7742-4171-BAE5-5E9475903E3D}.Release|x86.ActiveCfg = Release|Any CPU
		{761C6DDA-7742-4171-BAE5-5E9475903E3D}.Release|x86.Build.0 = Release|Any CPU
		{988B49F6-29D7-4DB6-9BA3-000B88FFC07A}.Debug|Any CPU.ActiveCfg = Debug|Any CPU
		{988B49F6-29D7-4DB6-9BA3-000B88FFC07A}.Debug|Any CPU.Build.0 = Debug|Any CPU
		{988B49F6-29D7-4DB6-9BA3-000B88FFC07A}.Debug|x64.ActiveCfg = Debug|Any CPU
		{988B49F6-29D7-4DB6-9BA3-000B88FFC07A}.Debug|x64.Build.0 = Debug|Any CPU
		{988B49F6-29D7-4DB6-9BA3-000B88FFC07A}.Debug|x86.ActiveCfg = Debug|Any CPU
		{988B49F6-29D7-4DB6-9BA3-000B88FFC07A}.Debug|x86.Build.0 = Debug|Any CPU
		{988B49F6-29D7-4DB6-9BA3-000B88FFC07A}.Release|Any CPU.ActiveCfg = Release|Any CPU
		{988B49F6-29D7-4DB6-9BA3-000B88FFC07A}.Release|Any CPU.Build.0 = Release|Any CPU
		{988B49F6-29D7-4DB6-9BA3-000B88FFC07A}.Release|x64.ActiveCfg = Release|Any CPU
		{988B49F6-29D7-4DB6-9BA3-000B88FFC07A}.Release|x64.Build.0 = Release|Any CPU
		{988B49F6-29D7-4DB6-9BA3-000B88FFC07A}.Release|x86.ActiveCfg = Release|Any CPU
		{988B49F6-29D7-4DB6-9BA3-000B88FFC07A}.Release|x86.Build.0 = Release|Any CPU
		{B09F5C6F-AF61-4BB1-A308-882535494D67}.Debug|Any CPU.ActiveCfg = Debug|Any CPU
		{B09F5C6F-AF61-4BB1-A308-882535494D67}.Debug|Any CPU.Build.0 = Debug|Any CPU
		{B09F5C6F-AF61-4BB1-A308-882535494D67}.Debug|x64.ActiveCfg = Debug|Any CPU
		{B09F5C6F-AF61-4BB1-A308-882535494D67}.Debug|x64.Build.0 = Debug|Any CPU
		{B09F5C6F-AF61-4BB1-A308-882535494D67}.Debug|x86.ActiveCfg = Debug|Any CPU
		{B09F5C6F-AF61-4BB1-A308-882535494D67}.Debug|x86.Build.0 = Debug|Any CPU
		{B09F5C6F-AF61-4BB1-A308-882535494D67}.Release|Any CPU.ActiveCfg = Release|Any CPU
		{B09F5C6F-AF61-4BB1-A308-882535494D67}.Release|Any CPU.Build.0 = Release|Any CPU
		{B09F5C6F-AF61-4BB1-A308-882535494D67}.Release|x64.ActiveCfg = Release|Any CPU
		{B09F5C6F-AF61-4BB1-A308-882535494D67}.Release|x64.Build.0 = Release|Any CPU
		{B09F5C6F-AF61-4BB1-A308-882535494D67}.Release|x86.ActiveCfg = Release|Any CPU
		{B09F5C6F-AF61-4BB1-A308-882535494D67}.Release|x86.Build.0 = Release|Any CPU
		{81DDED9D-158B-E303-5F62-77A2896D2A5A}.Debug|Any CPU.ActiveCfg = Debug|Any CPU
		{81DDED9D-158B-E303-5F62-77A2896D2A5A}.Debug|Any CPU.Build.0 = Debug|Any CPU
		{81DDED9D-158B-E303-5F62-77A2896D2A5A}.Debug|x64.ActiveCfg = Debug|Any CPU
		{81DDED9D-158B-E303-5F62-77A2896D2A5A}.Debug|x64.Build.0 = Debug|Any CPU
		{81DDED9D-158B-E303-5F62-77A2896D2A5A}.Debug|x86.ActiveCfg = Debug|Any CPU
		{81DDED9D-158B-E303-5F62-77A2896D2A5A}.Debug|x86.Build.0 = Debug|Any CPU
		{81DDED9D-158B-E303-5F62-77A2896D2A5A}.Release|Any CPU.ActiveCfg = Release|Any CPU
		{81DDED9D-158B-E303-5F62-77A2896D2A5A}.Release|Any CPU.Build.0 = Release|Any CPU
		{81DDED9D-158B-E303-5F62-77A2896D2A5A}.Release|x64.ActiveCfg = Release|Any CPU
		{81DDED9D-158B-E303-5F62-77A2896D2A5A}.Release|x64.Build.0 = Release|Any CPU
		{81DDED9D-158B-E303-5F62-77A2896D2A5A}.Release|x86.ActiveCfg = Release|Any CPU
		{81DDED9D-158B-E303-5F62-77A2896D2A5A}.Release|x86.Build.0 = Release|Any CPU
	EndGlobalSection
	GlobalSection(SolutionProperties) = preSolution
		HideSolutionNode = FALSE
	EndGlobalSection
	GlobalSection(NestedProjects) = preSolution
		{888E98C3-EF93-48BC-A8AA-A96FCC679990} = {4E0D2465-A035-4DBF-8B62-E0A510BE3EB8}
		{3962CDC4-CB51-478B-B578-73F7243089EB} = {888E98C3-EF93-48BC-A8AA-A96FCC679990}
		{1AC7C4BC-9512-FB7D-9356-5698CB8CA33C} = {4E0D2465-A035-4DBF-8B62-E0A510BE3EB8}
		{333E04BA-D12D-41CB-81AC-C22FD913640D} = {1AC7C4BC-9512-FB7D-9356-5698CB8CA33C}
		{761C6DDA-7742-4171-BAE5-5E9475903E3D} = {1AC7C4BC-9512-FB7D-9356-5698CB8CA33C}
		{988B49F6-29D7-4DB6-9BA3-000B88FFC07A} = {1AC7C4BC-9512-FB7D-9356-5698CB8CA33C}
		{0D4F1C6A-C4A2-8DEE-E123-AB56B15C14FD} = {4E0D2465-A035-4DBF-8B62-E0A510BE3EB8}
		{B09F5C6F-AF61-4BB1-A308-882535494D67} = {0D4F1C6A-C4A2-8DEE-E123-AB56B15C14FD}
	EndGlobalSection
	GlobalSection(ExtensibilityGlobals) = postSolution
		SolutionGuid = {8815D5D6-F928-4DF7-AE3C-35032DB6C7C5}
	EndGlobalSection
EndGlobal
